// !$*UTF8*$!
{
	archiveVersion = 1;
	classes = {
	};
	objectVersion = 46;
	objects = {

/* Begin PBXBuildFile section */
		1D6A377442CFB0E39A356B15 /* AppDelegate.swift in Sources */ = {isa = PBXBuildFile; fileRef = 1D6A3DE49FB802E8F00FBCDC /* AppDelegate.swift */; };
		AD1F5DCD1A7F94F900BDC0CE /* ContentType.swift in Sources */ = {isa = PBXBuildFile; fileRef = AD1F5DCC1A7F94F900BDC0CE /* ContentType.swift */; };
		ADE974271A78F8500040B7C1 /* ViewController.swift in Sources */ = {isa = PBXBuildFile; fileRef = ADE974261A78F8500040B7C1 /* ViewController.swift */; };
		ADE9742A1A78F8500040B7C1 /* Main.storyboard in Resources */ = {isa = PBXBuildFile; fileRef = ADE974281A78F8500040B7C1 /* Main.storyboard */; };
		ADE9742C1A78F8500040B7C1 /* Images.xcassets in Resources */ = {isa = PBXBuildFile; fileRef = ADE9742B1A78F8500040B7C1 /* Images.xcassets */; };
		ADE9742F1A78F8500040B7C1 /* LaunchScreen.xib in Resources */ = {isa = PBXBuildFile; fileRef = ADE9742D1A78F8500040B7C1 /* LaunchScreen.xib */; };
		ADE9743B1A78F8500040B7C1 /* ExampleTests.swift in Sources */ = {isa = PBXBuildFile; fileRef = ADE9743A1A78F8500040B7C1 /* ExampleTests.swift */; };
		ADE9744F1A78F88C0040B7C1 /* Persei.framework in Frameworks */ = {isa = PBXBuildFile; fileRef = ADE9744A1A78F8600040B7C1 /* Persei.framework */; };
		ADE974511A78F8D80040B7C1 /* Persei.framework in Copy Frameworks */ = {isa = PBXBuildFile; fileRef = ADE9744A1A78F8600040B7C1 /* Persei.framework */; settings = {ATTRIBUTES = (CodeSignOnCopy, RemoveHeadersOnCopy, ); }; };
/* End PBXBuildFile section */

/* Begin PBXContainerItemProxy section */
		ADE974351A78F8500040B7C1 /* PBXContainerItemProxy */ = {
			isa = PBXContainerItemProxy;
			containerPortal = ADE974171A78F8500040B7C1 /* Project object */;
			proxyType = 1;
			remoteGlobalIDString = ADE9741E1A78F8500040B7C1;
			remoteInfo = Example;
		};
		ADE974491A78F8600040B7C1 /* PBXContainerItemProxy */ = {
			isa = PBXContainerItemProxy;
			containerPortal = ADE974441A78F8600040B7C1 /* Persei.xcodeproj */;
			proxyType = 2;
			remoteGlobalIDString = ADE973FA1A78F7AA0040B7C1;
			remoteInfo = Persei;
		};
		ADE9744B1A78F8600040B7C1 /* PBXContainerItemProxy */ = {
			isa = PBXContainerItemProxy;
			containerPortal = ADE974441A78F8600040B7C1 /* Persei.xcodeproj */;
			proxyType = 2;
			remoteGlobalIDString = ADE974051A78F7AA0040B7C1;
			remoteInfo = PerseiTests;
		};
		ADE9744D1A78F86A0040B7C1 /* PBXContainerItemProxy */ = {
			isa = PBXContainerItemProxy;
			containerPortal = ADE974441A78F8600040B7C1 /* Persei.xcodeproj */;
			proxyType = 1;
			remoteGlobalIDString = ADE973F91A78F7AA0040B7C1;
			remoteInfo = Persei;
		};
/* End PBXContainerItemProxy section */

/* Begin PBXCopyFilesBuildPhase section */
		ADE974501A78F8CB0040B7C1 /* Copy Frameworks */ = {
			isa = PBXCopyFilesBuildPhase;
			buildActionMask = 2147483647;
			dstPath = "";
			dstSubfolderSpec = 10;
			files = (
				ADE974511A78F8D80040B7C1 /* Persei.framework in Copy Frameworks */,
			);
			name = "Copy Frameworks";
			runOnlyForDeploymentPostprocessing = 0;
		};
/* End PBXCopyFilesBuildPhase section */

/* Begin PBXFileReference section */
		1D6A3DE49FB802E8F00FBCDC /* AppDelegate.swift */ = {isa = PBXFileReference; fileEncoding = 4; lastKnownFileType = sourcecode.swift; path = AppDelegate.swift; sourceTree = "<group>"; };
		AD1F5DCC1A7F94F900BDC0CE /* ContentType.swift */ = {isa = PBXFileReference; fileEncoding = 4; lastKnownFileType = sourcecode.swift; path = ContentType.swift; sourceTree = "<group>"; };
		ADE9741F1A78F8500040B7C1 /* Example.app */ = {isa = PBXFileReference; explicitFileType = wrapper.application; includeInIndex = 0; path = Example.app; sourceTree = BUILT_PRODUCTS_DIR; };
		ADE974231A78F8500040B7C1 /* Info.plist */ = {isa = PBXFileReference; lastKnownFileType = text.plist.xml; path = Info.plist; sourceTree = "<group>"; };
		ADE974261A78F8500040B7C1 /* ViewController.swift */ = {isa = PBXFileReference; lastKnownFileType = sourcecode.swift; name = ViewController.swift; path = ../../ViewController.swift; sourceTree = "<group>"; };
		ADE974291A78F8500040B7C1 /* Base */ = {isa = PBXFileReference; lastKnownFileType = file.storyboard; name = Base; path = Base.lproj/Main.storyboard; sourceTree = "<group>"; };
		ADE9742B1A78F8500040B7C1 /* Images.xcassets */ = {isa = PBXFileReference; lastKnownFileType = folder.assetcatalog; name = Images.xcassets; path = ../Images.xcassets; sourceTree = "<group>"; };
		ADE9742E1A78F8500040B7C1 /* Base */ = {isa = PBXFileReference; lastKnownFileType = file.xib; name = Base; path = Base.lproj/LaunchScreen.xib; sourceTree = "<group>"; };
		ADE974341A78F8500040B7C1 /* ExampleTests.xctest */ = {isa = PBXFileReference; explicitFileType = wrapper.cfbundle; includeInIndex = 0; path = ExampleTests.xctest; sourceTree = BUILT_PRODUCTS_DIR; };
		ADE974391A78F8500040B7C1 /* Info.plist */ = {isa = PBXFileReference; lastKnownFileType = text.plist.xml; path = Info.plist; sourceTree = "<group>"; };
		ADE9743A1A78F8500040B7C1 /* ExampleTests.swift */ = {isa = PBXFileReference; lastKnownFileType = sourcecode.swift; path = ExampleTests.swift; sourceTree = "<group>"; };
		ADE974441A78F8600040B7C1 /* Persei.xcodeproj */ = {isa = PBXFileReference; lastKnownFileType = "wrapper.pb-project"; name = Persei.xcodeproj; path = ../Persei.xcodeproj; sourceTree = "<group>"; };
/* End PBXFileReference section */

/* Begin PBXFrameworksBuildPhase section */
		ADE9741C1A78F8500040B7C1 /* Frameworks */ = {
			isa = PBXFrameworksBuildPhase;
			buildActionMask = 2147483647;
			files = (
				ADE9744F1A78F88C0040B7C1 /* Persei.framework in Frameworks */,
			);
			runOnlyForDeploymentPostprocessing = 0;
		};
		ADE974311A78F8500040B7C1 /* Frameworks */ = {
			isa = PBXFrameworksBuildPhase;
			buildActionMask = 2147483647;
			files = (
			);
			runOnlyForDeploymentPostprocessing = 0;
		};
/* End PBXFrameworksBuildPhase section */

/* Begin PBXGroup section */
		1D6A30DF3166AD1359DF39D9 /* Presentation */ = {
			isa = PBXGroup;
			children = (
				1D6A35D6CC5596C8BE0E3160 /* Controller */,
				1D6A34BFE4EB1B805BDA333C /* Animation */,
			);
			path = Presentation;
			sourceTree = "<group>";
		};
		1D6A34BFE4EB1B805BDA333C /* Animation */ = {
			isa = PBXGroup;
			children = (
			);
			path = Animation;
			sourceTree = "<group>";
		};
		1D6A35D6CC5596C8BE0E3160 /* Controller */ = {
			isa = PBXGroup;
			children = (
				ADE974261A78F8500040B7C1 /* ViewController.swift */,
			);
			path = Controller;
			sourceTree = "<group>";
		};
		1D6A384799617AE602C0694F /* Resources */ = {
			isa = PBXGroup;
			children = (
				ADE9742B1A78F8500040B7C1 /* Images.xcassets */,
			);
			path = Resources;
			sourceTree = "<group>";
		};
		1D6A3C81FE5A4D4F0AB1B026 /* Model */ = {
			isa = PBXGroup;
			children = (
				AD1F5DCC1A7F94F900BDC0CE /* ContentType.swift */,
			);
			path = Model;
			sourceTree = "<group>";
		};
		ADE974161A78F8500040B7C1 = {
			isa = PBXGroup;
			children = (
				ADE974211A78F8500040B7C1 /* Example */,
				ADE974371A78F8500040B7C1 /* ExampleTests */,
				ADE974201A78F8500040B7C1 /* Products */,
				ADE974441A78F8600040B7C1 /* Persei.xcodeproj */,
			);
			sourceTree = "<group>";
		};
		ADE974201A78F8500040B7C1 /* Products */ = {
			isa = PBXGroup;
			children = (
				ADE9741F1A78F8500040B7C1 /* Example.app */,
				ADE974341A78F8500040B7C1 /* ExampleTests.xctest */,
			);
			name = Products;
			sourceTree = "<group>";
		};
		ADE974211A78F8500040B7C1 /* Example */ = {
			isa = PBXGroup;
			children = (
				ADE974281A78F8500040B7C1 /* Main.storyboard */,
				ADE9742D1A78F8500040B7C1 /* LaunchScreen.xib */,
				ADE974221A78F8500040B7C1 /* Supporting Files */,
				1D6A3C81FE5A4D4F0AB1B026 /* Model */,
				1D6A384799617AE602C0694F /* Resources */,
				1D6A3DE49FB802E8F00FBCDC /* AppDelegate.swift */,
				1D6A30DF3166AD1359DF39D9 /* Presentation */,
			);
			path = Example;
			sourceTree = "<group>";
		};
		ADE974221A78F8500040B7C1 /* Supporting Files */ = {
			isa = PBXGroup;
			children = (
				ADE974231A78F8500040B7C1 /* Info.plist */,
			);
			name = "Supporting Files";
			sourceTree = "<group>";
		};
		ADE974371A78F8500040B7C1 /* ExampleTests */ = {
			isa = PBXGroup;
			children = (
				ADE9743A1A78F8500040B7C1 /* ExampleTests.swift */,
				ADE974381A78F8500040B7C1 /* Supporting Files */,
			);
			path = ExampleTests;
			sourceTree = "<group>";
		};
		ADE974381A78F8500040B7C1 /* Supporting Files */ = {
			isa = PBXGroup;
			children = (
				ADE974391A78F8500040B7C1 /* Info.plist */,
			);
			name = "Supporting Files";
			sourceTree = "<group>";
		};
		ADE974451A78F8600040B7C1 /* Products */ = {
			isa = PBXGroup;
			children = (
				ADE9744A1A78F8600040B7C1 /* Persei.framework */,
				ADE9744C1A78F8600040B7C1 /* PerseiTests.xctest */,
			);
			name = Products;
			sourceTree = "<group>";
		};
/* End PBXGroup section */

/* Begin PBXNativeTarget section */
		ADE9741E1A78F8500040B7C1 /* Example */ = {
			isa = PBXNativeTarget;
			buildConfigurationList = ADE9743E1A78F8500040B7C1 /* Build configuration list for PBXNativeTarget "Example" */;
			buildPhases = (
				ADE9741B1A78F8500040B7C1 /* Sources */,
				ADE9741C1A78F8500040B7C1 /* Frameworks */,
				ADE9741D1A78F8500040B7C1 /* Resources */,
				ADE974501A78F8CB0040B7C1 /* Copy Frameworks */,
			);
			buildRules = (
			);
			dependencies = (
				ADE9744E1A78F86A0040B7C1 /* PBXTargetDependency */,
			);
			name = Example;
			productName = Example;
			productReference = ADE9741F1A78F8500040B7C1 /* Example.app */;
			productType = "com.apple.product-type.application";
		};
		ADE974331A78F8500040B7C1 /* ExampleTests */ = {
			isa = PBXNativeTarget;
			buildConfigurationList = ADE974411A78F8500040B7C1 /* Build configuration list for PBXNativeTarget "ExampleTests" */;
			buildPhases = (
				ADE974301A78F8500040B7C1 /* Sources */,
				ADE974311A78F8500040B7C1 /* Frameworks */,
				ADE974321A78F8500040B7C1 /* Resources */,
			);
			buildRules = (
			);
			dependencies = (
				ADE974361A78F8500040B7C1 /* PBXTargetDependency */,
			);
			name = ExampleTests;
			productName = ExampleTests;
			productReference = ADE974341A78F8500040B7C1 /* ExampleTests.xctest */;
			productType = "com.apple.product-type.bundle.unit-test";
		};
/* End PBXNativeTarget section */

/* Begin PBXProject section */
		ADE974171A78F8500040B7C1 /* Project object */ = {
			isa = PBXProject;
			attributes = {
				LastUpgradeCheck = 0610;
				ORGANIZATIONNAME = Yalantis;
				TargetAttributes = {
					ADE9741E1A78F8500040B7C1 = {
						CreatedOnToolsVersion = 6.1.1;
					};
					ADE974331A78F8500040B7C1 = {
						CreatedOnToolsVersion = 6.1.1;
						TestTargetID = ADE9741E1A78F8500040B7C1;
					};
				};
			};
			buildConfigurationList = ADE9741A1A78F8500040B7C1 /* Build configuration list for PBXProject "Example" */;
			compatibilityVersion = "Xcode 3.2";
			developmentRegion = English;
			hasScannedForEncodings = 0;
			knownRegions = (
				en,
				Base,
			);
			mainGroup = ADE974161A78F8500040B7C1;
			productRefGroup = ADE974201A78F8500040B7C1 /* Products */;
			projectDirPath = "";
			projectReferences = (
				{
					ProductGroup = ADE974451A78F8600040B7C1 /* Products */;
					ProjectRef = ADE974441A78F8600040B7C1 /* Persei.xcodeproj */;
				},
			);
			projectRoot = "";
			targets = (
				ADE9741E1A78F8500040B7C1 /* Example */,
				ADE974331A78F8500040B7C1 /* ExampleTests */,
			);
		};
/* End PBXProject section */

/* Begin PBXReferenceProxy section */
		ADE9744A1A78F8600040B7C1 /* Persei.framework */ = {
			isa = PBXReferenceProxy;
			fileType = wrapper.framework;
			path = Persei.framework;
			remoteRef = ADE974491A78F8600040B7C1 /* PBXContainerItemProxy */;
			sourceTree = BUILT_PRODUCTS_DIR;
		};
		ADE9744C1A78F8600040B7C1 /* PerseiTests.xctest */ = {
			isa = PBXReferenceProxy;
			fileType = wrapper.cfbundle;
			path = PerseiTests.xctest;
			remoteRef = ADE9744B1A78F8600040B7C1 /* PBXContainerItemProxy */;
			sourceTree = BUILT_PRODUCTS_DIR;
		};
/* End PBXReferenceProxy section */

/* Begin PBXResourcesBuildPhase section */
		ADE9741D1A78F8500040B7C1 /* Resources */ = {
			isa = PBXResourcesBuildPhase;
			buildActionMask = 2147483647;
			files = (
				ADE9742A1A78F8500040B7C1 /* Main.storyboard in Resources */,
				ADE9742F1A78F8500040B7C1 /* LaunchScreen.xib in Resources */,
				ADE9742C1A78F8500040B7C1 /* Images.xcassets in Resources */,
			);
			runOnlyForDeploymentPostprocessing = 0;
		};
		ADE974321A78F8500040B7C1 /* Resources */ = {
			isa = PBXResourcesBuildPhase;
			buildActionMask = 2147483647;
			files = (
			);
			runOnlyForDeploymentPostprocessing = 0;
		};
/* End PBXResourcesBuildPhase section */

/* Begin PBXSourcesBuildPhase section */
		ADE9741B1A78F8500040B7C1 /* Sources */ = {
			isa = PBXSourcesBuildPhase;
			buildActionMask = 2147483647;
			files = (
				ADE974271A78F8500040B7C1 /* ViewController.swift in Sources */,
				AD1F5DCD1A7F94F900BDC0CE /* ContentType.swift in Sources */,
				1D6A377442CFB0E39A356B15 /* AppDelegate.swift in Sources */,
			);
			runOnlyForDeploymentPostprocessing = 0;
		};
		ADE974301A78F8500040B7C1 /* Sources */ = {
			isa = PBXSourcesBuildPhase;
			buildActionMask = 2147483647;
			files = (
				ADE9743B1A78F8500040B7C1 /* ExampleTests.swift in Sources */,
			);
			runOnlyForDeploymentPostprocessing = 0;
		};
/* End PBXSourcesBuildPhase section */

/* Begin PBXTargetDependency section */
		ADE974361A78F8500040B7C1 /* PBXTargetDependency */ = {
			isa = PBXTargetDependency;
			target = ADE9741E1A78F8500040B7C1 /* Example */;
			targetProxy = ADE974351A78F8500040B7C1 /* PBXContainerItemProxy */;
		};
		ADE9744E1A78F86A0040B7C1 /* PBXTargetDependency */ = {
			isa = PBXTargetDependency;
			name = Persei;
			targetProxy = ADE9744D1A78F86A0040B7C1 /* PBXContainerItemProxy */;
		};
/* End PBXTargetDependency section */

/* Begin PBXVariantGroup section */
		ADE974281A78F8500040B7C1 /* Main.storyboard */ = {
			isa = PBXVariantGroup;
			children = (
				ADE974291A78F8500040B7C1 /* Base */,
			);
			name = Main.storyboard;
			sourceTree = "<group>";
		};
		ADE9742D1A78F8500040B7C1 /* LaunchScreen.xib */ = {
			isa = PBXVariantGroup;
			children = (
				ADE9742E1A78F8500040B7C1 /* Base */,
			);
			name = LaunchScreen.xib;
			sourceTree = "<group>";
		};
/* End PBXVariantGroup section */

/* Begin XCBuildConfiguration section */
		ADE9743C1A78F8500040B7C1 /* Debug */ = {
			isa = XCBuildConfiguration;
			buildSettings = {
				ALWAYS_SEARCH_USER_PATHS = NO;
				CLANG_CXX_LANGUAGE_STANDARD = "gnu++0x";
				CLANG_CXX_LIBRARY = "libc++";
				CLANG_ENABLE_MODULES = YES;
				CLANG_ENABLE_OBJC_ARC = YES;
				CLANG_WARN_BOOL_CONVERSION = YES;
				CLANG_WARN_CONSTANT_CONVERSION = YES;
				CLANG_WARN_DIRECT_OBJC_ISA_USAGE = YES_ERROR;
				CLANG_WARN_EMPTY_BODY = YES;
				CLANG_WARN_ENUM_CONVERSION = YES;
				CLANG_WARN_INT_CONVERSION = YES;
				CLANG_WARN_OBJC_ROOT_CLASS = YES_ERROR;
				CLANG_WARN_UNREACHABLE_CODE = YES;
				CLANG_WARN__DUPLICATE_METHOD_MATCH = YES;
				"CODE_SIGN_IDENTITY[sdk=iphoneos*]" = "iPhone Developer";
				COPY_PHASE_STRIP = NO;
				ENABLE_STRICT_OBJC_MSGSEND = YES;
				GCC_C_LANGUAGE_STANDARD = gnu99;
				GCC_DYNAMIC_NO_PIC = NO;
				GCC_OPTIMIZATION_LEVEL = 0;
				GCC_PREPROCESSOR_DEFINITIONS = (
					"DEBUG=1",
					"$(inherited)",
				);
				GCC_SYMBOLS_PRIVATE_EXTERN = NO;
				GCC_WARN_64_TO_32_BIT_CONVERSION = YES;
				GCC_WARN_ABOUT_RETURN_TYPE = YES_ERROR;
				GCC_WARN_UNDECLARED_SELECTOR = YES;
				GCC_WARN_UNINITIALIZED_AUTOS = YES_AGGRESSIVE;
				GCC_WARN_UNUSED_FUNCTION = YES;
				GCC_WARN_UNUSED_VARIABLE = YES;
				IPHONEOS_DEPLOYMENT_TARGET = 8.1;
				MTL_ENABLE_DEBUG_INFO = YES;
				ONLY_ACTIVE_ARCH = YES;
				SDKROOT = iphoneos;
				SWIFT_OPTIMIZATION_LEVEL = "-Onone";
			};
			name = Debug;
		};
		ADE9743D1A78F8500040B7C1 /* Release */ = {
			isa = XCBuildConfiguration;
			buildSettings = {
				ALWAYS_SEARCH_USER_PATHS = NO;
				CLANG_CXX_LANGUAGE_STANDARD = "gnu++0x";
				CLANG_CXX_LIBRARY = "libc++";
				CLANG_ENABLE_MODULES = YES;
				CLANG_ENABLE_OBJC_ARC = YES;
				CLANG_WARN_BOOL_CONVERSION = YES;
				CLANG_WARN_CONSTANT_CONVERSION = YES;
				CLANG_WARN_DIRECT_OBJC_ISA_USAGE = YES_ERROR;
				CLANG_WARN_EMPTY_BODY = YES;
				CLANG_WARN_ENUM_CONVERSION = YES;
				CLANG_WARN_INT_CONVERSION = YES;
				CLANG_WARN_OBJC_ROOT_CLASS = YES_ERROR;
				CLANG_WARN_UNREACHABLE_CODE = YES;
				CLANG_WARN__DUPLICATE_METHOD_MATCH = YES;
				"CODE_SIGN_IDENTITY[sdk=iphoneos*]" = "iPhone Developer";
				COPY_PHASE_STRIP = YES;
				ENABLE_NS_ASSERTIONS = NO;
				ENABLE_STRICT_OBJC_MSGSEND = YES;
				GCC_C_LANGUAGE_STANDARD = gnu99;
				GCC_WARN_64_TO_32_BIT_CONVERSION = YES;
				GCC_WARN_ABOUT_RETURN_TYPE = YES_ERROR;
				GCC_WARN_UNDECLARED_SELECTOR = YES;
				GCC_WARN_UNINITIALIZED_AUTOS = YES_AGGRESSIVE;
				GCC_WARN_UNUSED_FUNCTION = YES;
				GCC_WARN_UNUSED_VARIABLE = YES;
				IPHONEOS_DEPLOYMENT_TARGET = 8.1;
				MTL_ENABLE_DEBUG_INFO = NO;
				SDKROOT = iphoneos;
				VALIDATE_PRODUCT = YES;
			};
			name = Release;
		};
		ADE9743F1A78F8500040B7C1 /* Debug */ = {
			isa = XCBuildConfiguration;
			buildSettings = {
				ASSETCATALOG_COMPILER_APPICON_NAME = AppIcon;
				DEFINES_MODULE = YES;
				INFOPLIST_FILE = Example/Info.plist;
				LD_RUNPATH_SEARCH_PATHS = "$(inherited) @executable_path/Frameworks";
				PRODUCT_NAME = "$(TARGET_NAME)";
			};
			name = Debug;
		};
		ADE974401A78F8500040B7C1 /* Release */ = {
			isa = XCBuildConfiguration;
			buildSettings = {
				ASSETCATALOG_COMPILER_APPICON_NAME = AppIcon;
				DEFINES_MODULE = YES;
				INFOPLIST_FILE = Example/Info.plist;
				LD_RUNPATH_SEARCH_PATHS = "$(inherited) @executable_path/Frameworks";
				PRODUCT_NAME = "$(TARGET_NAME)";
			};
			name = Release;
		};
		ADE974421A78F8500040B7C1 /* Debug */ = {
			isa = XCBuildConfiguration;
			buildSettings = {
				BUNDLE_LOADER = "$(TEST_HOST)";
				FRAMEWORK_SEARCH_PATHS = (
					"$(SDKROOT)/Developer/Library/Frameworks",
					"$(inherited)",
				);
				GCC_PREPROCESSOR_DEFINITIONS = (
					"DEBUG=1",
					"$(inherited)",
				);
				INFOPLIST_FILE = ExampleTests/Info.plist;
				LD_RUNPATH_SEARCH_PATHS = "$(inherited) @executable_path/Frameworks @loader_path/Frameworks";
				PRODUCT_NAME = "$(TARGET_NAME)";
				TEST_HOST = "$(BUILT_PRODUCTS_DIR)/Example.app/Example";
			};
			name = Debug;
		};
		ADE974431A78F8500040B7C1 /* Release */ = {
			isa = XCBuildConfiguration;
			buildSettings = {
				BUNDLE_LOADER = "$(TEST_HOST)";
				FRAMEWORK_SEARCH_PATHS = (
					"$(SDKROOT)/Developer/Library/Frameworks",
					"$(inherited)",
				);
				INFOPLIST_FILE = ExampleTests/Info.plist;
				LD_RUNPATH_SEARCH_PATHS = "$(inherited) @executable_path/Frameworks @loader_path/Frameworks";
				PRODUCT_NAME = "$(TARGET_NAME)";
				TEST_HOST = "$(BUILT_PRODUCTS_DIR)/Example.app/Example";
			};
			name = Release;
		};
/* End XCBuildConfiguration section */

/* Begin XCConfigurationList section */
		ADE9741A1A78F8500040B7C1 /* Build configuration list for PBXProject "Example" */ = {
			isa = XCConfigurationList;
			buildConfigurations = (
				ADE9743C1A78F8500040B7C1 /* Debug */,
				ADE9743D1A78F8500040B7C1 /* Release */,
			);
			defaultConfigurationIsVisible = 0;
			defaultConfigurationName = Release;
		};
		ADE9743E1A78F8500040B7C1 /* Build configuration list for PBXNativeTarget "Example" */ = {
			isa = XCConfigurationList;
			buildConfigurations = (
				ADE9743F1A78F8500040B7C1 /* Debug */,
				ADE974401A78F8500040B7C1 /* Release */,
			);
			defaultConfigurationIsVisible = 0;
			defaultConfigurationName = Release;
		};
		ADE974411A78F8500040B7C1 /* Build configuration list for PBXNativeTarget "ExampleTests" */ = {
			isa = XCConfigurationList;
			buildConfigurations = (
				ADE974421A78F8500040B7C1 /* Debug */,
				ADE974431A78F8500040B7C1 /* Release */,
			);
			defaultConfigurationIsVisible = 0;
			defaultConfigurationName = Release;
		};
/* End XCConfigurationList section */
	};
	rootObject = ADE974171A78F8500040B7C1 /* Project object */;
}
