// !$*UTF8*$!
{
	archiveVersion = 1;
	classes = {
	};
	objectVersion = 46;
	objects = {

/* Begin PBXBuildFile section */
		1D6A307F51AA47C3C7131EA5 /* ViewController.swift in Sources */ = {isa = PBXBuildFile; fileRef = 1D6A3113147E7211A38816B9 /* ViewController.swift */; };
		1D6A30E9D08224728D88E652 /* Main.storyboard in Resources */ = {isa = PBXBuildFile; fileRef = 1D6A34FF349BEFAFD8FA21EF /* Main.storyboard */; };
		1D6A39249887B49E72525221 /* LaunchScreen.xib in Resources */ = {isa = PBXBuildFile; fileRef = 1D6A3DBBCB736124EE405FCC /* LaunchScreen.xib */; };
		1D6A3A3B096EF8DCC086DD32 /* CGRect+Extension.swift in Sources */ = {isa = PBXBuildFile; fileRef = 1D6A3CBE4088EC6CBC44FFD2 /* CGRect+Extension.swift */; };
		1D6A3EA611666C3A6FC56869 /* CircularRevealTransition.swift in Sources */ = {isa = PBXBuildFile; fileRef = 1D6A3ED334BF5B2840F84CD1 /* CircularRevealTransition.swift */; };
		1D6A3F0B8C4CF9E0E86F6132 /* AppDelegate.swift in Sources */ = {isa = PBXBuildFile; fileRef = 1D6A3409797E6A1CF29E9E2E /* AppDelegate.swift */; };
		AD1F5DCD1A7F94F900BDC0CE /* ContentType.swift in Sources */ = {isa = PBXBuildFile; fileRef = AD1F5DCC1A7F94F900BDC0CE /* ContentType.swift */; };
		AD472E321AA9B17F00250E50 /* TrendSansOne.otf in Resources */ = {isa = PBXBuildFile; fileRef = AD472E311AA9B17F00250E50 /* TrendSansOne.otf */; };
		AD472E3B1AA9B59100250E50 /* content_films-667h@2x.png in Resources */ = {isa = PBXBuildFile; fileRef = AD472E371AA9B59100250E50 /* content_films-667h@2x.png */; };
		AD472E3C1AA9B59100250E50 /* content_films.png in Resources */ = {isa = PBXBuildFile; fileRef = AD472E381AA9B59100250E50 /* content_films.png */; };
		AD472E3D1AA9B59100250E50 /* content_films@2x.png in Resources */ = {isa = PBXBuildFile; fileRef = AD472E391AA9B59100250E50 /* content_films@2x.png */; };
		AD472E4A1AA9B99A00250E50 /* content_music-667h@2x.png in Resources */ = {isa = PBXBuildFile; fileRef = AD472E471AA9B99A00250E50 /* content_music-667h@2x.png */; };
		AD472E4B1AA9B99A00250E50 /* content_music.png in Resources */ = {isa = PBXBuildFile; fileRef = AD472E481AA9B99A00250E50 /* content_music.png */; };
		AD472E4C1AA9B99A00250E50 /* content_music@2x.png in Resources */ = {isa = PBXBuildFile; fileRef = AD472E491AA9B99A00250E50 /* content_music@2x.png */; };
		AD472E4E1AA9BB1500250E50 /* content_films@3x.png in Resources */ = {isa = PBXBuildFile; fileRef = AD472E4D1AA9BB1500250E50 /* content_films@3x.png */; };
		AD472E501AA9BB8900250E50 /* content_music@3x.png in Resources */ = {isa = PBXBuildFile; fileRef = AD472E4F1AA9BB8900250E50 /* content_music@3x.png */; };
		ADD8149A1BF625F3009F1FCA /* UIImage+Autoresize.m in Sources */ = {isa = PBXBuildFile; fileRef = ADD814971BF625F3009F1FCA /* UIImage+Autoresize.m */; };
		ADE9742C1A78F8500040B7C1 /* Images.xcassets in Resources */ = {isa = PBXBuildFile; fileRef = ADE9742B1A78F8500040B7C1 /* Images.xcassets */; };
		ADE9744F1A78F88C0040B7C1 /* Persei.framework in Frameworks */ = {isa = PBXBuildFile; fileRef = ADE9744A1A78F8600040B7C1 /* Persei.framework */; };
		ADE974511A78F8D80040B7C1 /* Persei.framework in Copy Frameworks */ = {isa = PBXBuildFile; fileRef = ADE9744A1A78F8600040B7C1 /* Persei.framework */; settings = {ATTRIBUTES = (CodeSignOnCopy, RemoveHeadersOnCopy, ); }; };
/* End PBXBuildFile section */

/* Begin PBXContainerItemProxy section */
		ADE974491A78F8600040B7C1 /* PBXContainerItemProxy */ = {
			isa = PBXContainerItemProxy;
			containerPortal = ADE974441A78F8600040B7C1 /* Persei.xcodeproj */;
			proxyType = 2;
			remoteGlobalIDString = ADE973FA1A78F7AA0040B7C1;
			remoteInfo = Persei;
		};
		ADE9744D1A78F86A0040B7C1 /* PBXContainerItemProxy */ = {
			isa = PBXContainerItemProxy;
			containerPortal = ADE974441A78F8600040B7C1 /* Persei.xcodeproj */;
			proxyType = 1;
			remoteGlobalIDString = ADE973F91A78F7AA0040B7C1;
			remoteInfo = Persei;
		};
/* End PBXContainerItemProxy section */

/* Begin PBXCopyFilesBuildPhase section */
		ADE974501A78F8CB0040B7C1 /* Copy Frameworks */ = {
			isa = PBXCopyFilesBuildPhase;
			buildActionMask = 2147483647;
			dstPath = "";
			dstSubfolderSpec = 10;
			files = (
				ADE974511A78F8D80040B7C1 /* Persei.framework in Copy Frameworks */,
			);
			name = "Copy Frameworks";
			runOnlyForDeploymentPostprocessing = 0;
		};
/* End PBXCopyFilesBuildPhase section */

/* Begin PBXFileReference section */
		1D6A3113147E7211A38816B9 /* ViewController.swift */ = {isa = PBXFileReference; fileEncoding = 4; lastKnownFileType = sourcecode.swift; path = ViewController.swift; sourceTree = "<group>"; };
		1D6A3158D7DFA51A9C1EFDA7 /* Base */ = {isa = PBXFileReference; lastKnownFileType = file.xib; name = Base; path = Example/Base.lproj/LaunchScreen.xib; sourceTree = SOURCE_ROOT; };
		1D6A3409797E6A1CF29E9E2E /* AppDelegate.swift */ = {isa = PBXFileReference; fileEncoding = 4; lastKnownFileType = sourcecode.swift; path = AppDelegate.swift; sourceTree = "<group>"; };
		1D6A39D0D1259941A6AD567D /* Base */ = {isa = PBXFileReference; lastKnownFileType = file.storyboard; name = Base; path = Example/Base.lproj/Main.storyboard; sourceTree = SOURCE_ROOT; };
		1D6A3CBE4088EC6CBC44FFD2 /* CGRect+Extension.swift */ = {isa = PBXFileReference; fileEncoding = 4; lastKnownFileType = sourcecode.swift; path = "CGRect+Extension.swift"; sourceTree = "<group>"; };
		1D6A3ED334BF5B2840F84CD1 /* CircularRevealTransition.swift */ = {isa = PBXFileReference; fileEncoding = 4; lastKnownFileType = sourcecode.swift; path = CircularRevealTransition.swift; sourceTree = "<group>"; };
		AD1F5DCC1A7F94F900BDC0CE /* ContentType.swift */ = {isa = PBXFileReference; fileEncoding = 4; lastKnownFileType = sourcecode.swift; path = ContentType.swift; sourceTree = "<group>"; };
		AD472E311AA9B17F00250E50 /* TrendSansOne.otf */ = {isa = PBXFileReference; lastKnownFileType = file; path = TrendSansOne.otf; sourceTree = "<group>"; };
		AD472E371AA9B59100250E50 /* content_films-667h@2x.png */ = {isa = PBXFileReference; lastKnownFileType = image.png; path = "content_films-667h@2x.png"; sourceTree = "<group>"; };
		AD472E381AA9B59100250E50 /* content_films.png */ = {isa = PBXFileReference; lastKnownFileType = image.png; path = content_films.png; sourceTree = "<group>"; };
		AD472E391AA9B59100250E50 /* content_films@2x.png */ = {isa = PBXFileReference; lastKnownFileType = image.png; path = "content_films@2x.png"; sourceTree = "<group>"; };
		AD472E421AA9B71200250E50 /* Example-Bridging-Header.h */ = {isa = PBXFileReference; lastKnownFileType = sourcecode.c.h; path = "Example-Bridging-Header.h"; sourceTree = "<group>"; };
		AD472E471AA9B99A00250E50 /* content_music-667h@2x.png */ = {isa = PBXFileReference; lastKnownFileType = image.png; name = "content_music-667h@2x.png"; path = "../content_music-667h@2x.png"; sourceTree = "<group>"; };
		AD472E481AA9B99A00250E50 /* content_music.png */ = {isa = PBXFileReference; lastKnownFileType = image.png; name = content_music.png; path = ../content_music.png; sourceTree = "<group>"; };
		AD472E491AA9B99A00250E50 /* content_music@2x.png */ = {isa = PBXFileReference; lastKnownFileType = image.png; name = "content_music@2x.png"; path = "../content_music@2x.png"; sourceTree = "<group>"; };
		AD472E4D1AA9BB1500250E50 /* content_films@3x.png */ = {isa = PBXFileReference; lastKnownFileType = image.png; path = "content_films@3x.png"; sourceTree = "<group>"; };
		AD472E4F1AA9BB8900250E50 /* content_music@3x.png */ = {isa = PBXFileReference; lastKnownFileType = image.png; path = "content_music@3x.png"; sourceTree = "<group>"; };
		ADD814961BF625F3009F1FCA /* UIImage+Autoresize.h */ = {isa = PBXFileReference; fileEncoding = 4; lastKnownFileType = sourcecode.c.h; path = "UIImage+Autoresize.h"; sourceTree = "<group>"; };
		ADD814971BF625F3009F1FCA /* UIImage+Autoresize.m */ = {isa = PBXFileReference; fileEncoding = 4; lastKnownFileType = sourcecode.c.objc; path = "UIImage+Autoresize.m"; sourceTree = "<group>"; };
		ADE9741F1A78F8500040B7C1 /* Example.app */ = {isa = PBXFileReference; explicitFileType = wrapper.application; includeInIndex = 0; path = Example.app; sourceTree = BUILT_PRODUCTS_DIR; };
		ADE974231A78F8500040B7C1 /* Info.plist */ = {isa = PBXFileReference; lastKnownFileType = text.plist.xml; path = Info.plist; sourceTree = "<group>"; };
		ADE9742B1A78F8500040B7C1 /* Images.xcassets */ = {isa = PBXFileReference; lastKnownFileType = folder.assetcatalog; name = Images.xcassets; path = ../Images.xcassets; sourceTree = "<group>"; };
		ADE974441A78F8600040B7C1 /* Persei.xcodeproj */ = {isa = PBXFileReference; lastKnownFileType = "wrapper.pb-project"; name = Persei.xcodeproj; path = ../Persei.xcodeproj; sourceTree = "<group>"; };
/* End PBXFileReference section */

/* Begin PBXFrameworksBuildPhase section */
		ADE9741C1A78F8500040B7C1 /* Frameworks */ = {
			isa = PBXFrameworksBuildPhase;
			buildActionMask = 2147483647;
			files = (
				ADE9744F1A78F88C0040B7C1 /* Persei.framework in Frameworks */,
			);
			runOnlyForDeploymentPostprocessing = 0;
		};
/* End PBXFrameworksBuildPhase section */

/* Begin PBXGroup section */
		0873BC494D5EFB1D46ADCC5A /* Frameworks */ = {
			isa = PBXGroup;
			children = (
			);
			name = Frameworks;
			sourceTree = "<group>";
		};
		1D6A36F0E53AF23E93A6FF5F /* Controllers */ = {
			isa = PBXGroup;
			children = (
				1D6A3113147E7211A38816B9 /* ViewController.swift */,
			);
			path = Controllers;
			sourceTree = "<group>";
		};
		1D6A384799617AE602C0694F /* Resources */ = {
			isa = PBXGroup;
			children = (
				AD472E351AA9B59100250E50 /* Content Images */,
				AD472E301AA9B17F00250E50 /* Fonts */,
				ADE9742B1A78F8500040B7C1 /* Images.xcassets */,
				1D6A3BA366D576FD14B447FB /* UI */,
			);
			path = Resources;
			sourceTree = "<group>";
		};
		1D6A3BA366D576FD14B447FB /* UI */ = {
			isa = PBXGroup;
			children = (
				1D6A34FF349BEFAFD8FA21EF /* Main.storyboard */,
				1D6A3DBBCB736124EE405FCC /* LaunchScreen.xib */,
			);
			path = UI;
			sourceTree = "<group>";
		};
		1D6A3BDFD5B44767795905CF /* Animation */ = {
			isa = PBXGroup;
			children = (
				1D6A3ED334BF5B2840F84CD1 /* CircularRevealTransition.swift */,
			);
			path = Animation;
			sourceTree = "<group>";
		};
		1D6A3C50ACE0728E98FBAE36 /* Extension */ = {
			isa = PBXGroup;
			children = (
				1D6A3CBE4088EC6CBC44FFD2 /* CGRect+Extension.swift */,
			);
			path = Extension;
			sourceTree = "<group>";
		};
		1D6A3C81FE5A4D4F0AB1B026 /* Model */ = {
			isa = PBXGroup;
			children = (
				AD1F5DCC1A7F94F900BDC0CE /* ContentType.swift */,
			);
			path = Model;
			sourceTree = "<group>";
		};
		1D6A3EC651FFFAB8BA7E3459 /* Misc */ = {
			isa = PBXGroup;
			children = (
				1D6A3C50ACE0728E98FBAE36 /* Extension */,
				1D6A3BDFD5B44767795905CF /* Animation */,
			);
			path = Misc;
			sourceTree = "<group>";
		};
		AD472E301AA9B17F00250E50 /* Fonts */ = {
			isa = PBXGroup;
			children = (
				AD472E311AA9B17F00250E50 /* TrendSansOne.otf */,
			);
			path = Fonts;
			sourceTree = "<group>";
		};
		AD472E351AA9B59100250E50 /* Content Images */ = {
			isa = PBXGroup;
			children = (
				AD472E4D1AA9BB1500250E50 /* content_films@3x.png */,
				AD472E471AA9B99A00250E50 /* content_music-667h@2x.png */,
				AD472E481AA9B99A00250E50 /* content_music.png */,
				AD472E491AA9B99A00250E50 /* content_music@2x.png */,
				AD472E371AA9B59100250E50 /* content_films-667h@2x.png */,
				AD472E381AA9B59100250E50 /* content_films.png */,
				AD472E391AA9B59100250E50 /* content_films@2x.png */,
				AD472E4F1AA9BB8900250E50 /* content_music@3x.png */,
			);
			path = "Content Images";
			sourceTree = "<group>";
		};
		ADD814931BF625F3009F1FCA /* External */ = {
			isa = PBXGroup;
			children = (
				ADD814941BF625F3009F1FCA /* UIImage+Autoresize */,
			);
			path = External;
			sourceTree = "<group>";
		};
		ADD814941BF625F3009F1FCA /* UIImage+Autoresize */ = {
			isa = PBXGroup;
			children = (
				ADD814951BF625F3009F1FCA /* Classes */,
			);
			path = "UIImage+Autoresize";
			sourceTree = "<group>";
		};
		ADD814951BF625F3009F1FCA /* Classes */ = {
			isa = PBXGroup;
			children = (
				ADD814961BF625F3009F1FCA /* UIImage+Autoresize.h */,
				ADD814971BF625F3009F1FCA /* UIImage+Autoresize.m */,
			);
			path = Classes;
			sourceTree = "<group>";
		};
		ADE974161A78F8500040B7C1 = {
			isa = PBXGroup;
			children = (
				ADE974211A78F8500040B7C1 /* Example */,
				ADE974201A78F8500040B7C1 /* Products */,
				ADE974441A78F8600040B7C1 /* Persei.xcodeproj */,
				0873BC494D5EFB1D46ADCC5A /* Frameworks */,
			);
			sourceTree = "<group>";
		};
		ADE974201A78F8500040B7C1 /* Products */ = {
			isa = PBXGroup;
			children = (
				ADE9741F1A78F8500040B7C1 /* Example.app */,
			);
			name = Products;
			sourceTree = "<group>";
		};
		ADE974211A78F8500040B7C1 /* Example */ = {
			isa = PBXGroup;
			children = (
				ADD814931BF625F3009F1FCA /* External */,
				ADE974221A78F8500040B7C1 /* Supporting Files */,
				1D6A3C81FE5A4D4F0AB1B026 /* Model */,
				1D6A384799617AE602C0694F /* Resources */,
				1D6A3EC651FFFAB8BA7E3459 /* Misc */,
				1D6A3409797E6A1CF29E9E2E /* AppDelegate.swift */,
				1D6A36F0E53AF23E93A6FF5F /* Controllers */,
			);
			path = Example;
			sourceTree = "<group>";
		};
		ADE974221A78F8500040B7C1 /* Supporting Files */ = {
			isa = PBXGroup;
			children = (
				ADE974231A78F8500040B7C1 /* Info.plist */,
				AD472E421AA9B71200250E50 /* Example-Bridging-Header.h */,
			);
			name = "Supporting Files";
			sourceTree = "<group>";
		};
		ADE974451A78F8600040B7C1 /* Products */ = {
			isa = PBXGroup;
			children = (
				ADE9744A1A78F8600040B7C1 /* Persei.framework */,
			);
			name = Products;
			sourceTree = "<group>";
		};
/* End PBXGroup section */

/* Begin PBXNativeTarget section */
		ADE9741E1A78F8500040B7C1 /* Example */ = {
			isa = PBXNativeTarget;
			buildConfigurationList = ADE9743E1A78F8500040B7C1 /* Build configuration list for PBXNativeTarget "Example" */;
			buildPhases = (
				ADE9741B1A78F8500040B7C1 /* Sources */,
				ADE9741C1A78F8500040B7C1 /* Frameworks */,
				ADE9741D1A78F8500040B7C1 /* Resources */,
				ADE974501A78F8CB0040B7C1 /* Copy Frameworks */,
			);
			buildRules = (
			);
			dependencies = (
				ADE9744E1A78F86A0040B7C1 /* PBXTargetDependency */,
			);
			name = Example;
			productName = Example;
			productReference = ADE9741F1A78F8500040B7C1 /* Example.app */;
			productType = "com.apple.product-type.application";
		};
/* End PBXNativeTarget section */

/* Begin PBXProject section */
		ADE974171A78F8500040B7C1 /* Project object */ = {
			isa = PBXProject;
			attributes = {
				LastSwiftUpdateCheck = 0710;
				LastUpgradeCheck = 0710;
				ORGANIZATIONNAME = Yalantis;
				TargetAttributes = {
					ADE9741E1A78F8500040B7C1 = {
						CreatedOnToolsVersion = 6.1.1;
						LastSwiftMigration = 0800;
					};
				};
			};
			buildConfigurationList = ADE9741A1A78F8500040B7C1 /* Build configuration list for PBXProject "Example" */;
			compatibilityVersion = "Xcode 3.2";
			developmentRegion = English;
			hasScannedForEncodings = 0;
			knownRegions = (
				en,
				Base,
			);
			mainGroup = ADE974161A78F8500040B7C1;
			productRefGroup = ADE974201A78F8500040B7C1 /* Products */;
			projectDirPath = "";
			projectReferences = (
				{
					ProductGroup = ADE974451A78F8600040B7C1 /* Products */;
					ProjectRef = ADE974441A78F8600040B7C1 /* Persei.xcodeproj */;
				},
			);
			projectRoot = "";
			targets = (
				ADE9741E1A78F8500040B7C1 /* Example */,
			);
		};
/* End PBXProject section */

/* Begin PBXReferenceProxy section */
		ADE9744A1A78F8600040B7C1 /* Persei.framework */ = {
			isa = PBXReferenceProxy;
			fileType = wrapper.framework;
			path = Persei.framework;
			remoteRef = ADE974491A78F8600040B7C1 /* PBXContainerItemProxy */;
			sourceTree = BUILT_PRODUCTS_DIR;
		};
/* End PBXReferenceProxy section */

/* Begin PBXResourcesBuildPhase section */
		ADE9741D1A78F8500040B7C1 /* Resources */ = {
			isa = PBXResourcesBuildPhase;
			buildActionMask = 2147483647;
			files = (
				AD472E4C1AA9B99A00250E50 /* content_music@2x.png in Resources */,
				ADE9742C1A78F8500040B7C1 /* Images.xcassets in Resources */,
				AD472E4A1AA9B99A00250E50 /* content_music-667h@2x.png in Resources */,
				AD472E3C1AA9B59100250E50 /* content_films.png in Resources */,
				AD472E4E1AA9BB1500250E50 /* content_films@3x.png in Resources */,
				AD472E501AA9BB8900250E50 /* content_music@3x.png in Resources */,
				1D6A30E9D08224728D88E652 /* Main.storyboard in Resources */,
				1D6A39249887B49E72525221 /* LaunchScreen.xib in Resources */,
				AD472E321AA9B17F00250E50 /* TrendSansOne.otf in Resources */,
				AD472E3D1AA9B59100250E50 /* content_films@2x.png in Resources */,
				AD472E3B1AA9B59100250E50 /* content_films-667h@2x.png in Resources */,
				AD472E4B1AA9B99A00250E50 /* content_music.png in Resources */,
			);
			runOnlyForDeploymentPostprocessing = 0;
		};
/* End PBXResourcesBuildPhase section */

/* Begin PBXSourcesBuildPhase section */
		ADE9741B1A78F8500040B7C1 /* Sources */ = {
			isa = PBXSourcesBuildPhase;
			buildActionMask = 2147483647;
			files = (
				AD1F5DCD1A7F94F900BDC0CE /* ContentType.swift in Sources */,
				1D6A3EA611666C3A6FC56869 /* CircularRevealTransition.swift in Sources */,
				1D6A3A3B096EF8DCC086DD32 /* CGRect+Extension.swift in Sources */,
				1D6A3F0B8C4CF9E0E86F6132 /* AppDelegate.swift in Sources */,
				ADD8149A1BF625F3009F1FCA /* UIImage+Autoresize.m in Sources */,
				1D6A307F51AA47C3C7131EA5 /* ViewController.swift in Sources */,
			);
			runOnlyForDeploymentPostprocessing = 0;
		};
/* End PBXSourcesBuildPhase section */

/* Begin PBXTargetDependency section */
		ADE9744E1A78F86A0040B7C1 /* PBXTargetDependency */ = {
			isa = PBXTargetDependency;
			name = Persei;
			targetProxy = ADE9744D1A78F86A0040B7C1 /* PBXContainerItemProxy */;
		};
/* End PBXTargetDependency section */

/* Begin PBXVariantGroup section */
		1D6A34FF349BEFAFD8FA21EF /* Main.storyboard */ = {
			isa = PBXVariantGroup;
			children = (
				1D6A39D0D1259941A6AD567D /* Base */,
			);
			name = Main.storyboard;
			sourceTree = "<group>";
		};
		1D6A3DBBCB736124EE405FCC /* LaunchScreen.xib */ = {
			isa = PBXVariantGroup;
			children = (
				1D6A3158D7DFA51A9C1EFDA7 /* Base */,
			);
			name = LaunchScreen.xib;
			sourceTree = "<group>";
		};
/* End PBXVariantGroup section */

/* Begin XCBuildConfiguration section */
		ADE9743C1A78F8500040B7C1 /* Debug */ = {
			isa = XCBuildConfiguration;
			buildSettings = {
				ALWAYS_SEARCH_USER_PATHS = NO;
				CLANG_CXX_LANGUAGE_STANDARD = "gnu++0x";
				CLANG_CXX_LIBRARY = "libc++";
				CLANG_ENABLE_MODULES = YES;
				CLANG_ENABLE_OBJC_ARC = YES;
				CLANG_WARN_BOOL_CONVERSION = YES;
				CLANG_WARN_CONSTANT_CONVERSION = YES;
				CLANG_WARN_DIRECT_OBJC_ISA_USAGE = YES_ERROR;
				CLANG_WARN_EMPTY_BODY = YES;
				CLANG_WARN_ENUM_CONVERSION = YES;
				CLANG_WARN_INT_CONVERSION = YES;
				CLANG_WARN_OBJC_ROOT_CLASS = YES_ERROR;
				CLANG_WARN_UNREACHABLE_CODE = YES;
				CLANG_WARN__DUPLICATE_METHOD_MATCH = YES;
				"CODE_SIGN_IDENTITY[sdk=iphoneos*]" = "iPhone Developer";
				COPY_PHASE_STRIP = NO;
				ENABLE_STRICT_OBJC_MSGSEND = YES;
				ENABLE_TESTABILITY = YES;
				GCC_C_LANGUAGE_STANDARD = gnu99;
				GCC_DYNAMIC_NO_PIC = NO;
				GCC_OPTIMIZATION_LEVEL = 0;
				GCC_PREPROCESSOR_DEFINITIONS = (
					"DEBUG=1",
					"$(inherited)",
				);
				GCC_SYMBOLS_PRIVATE_EXTERN = NO;
				GCC_WARN_64_TO_32_BIT_CONVERSION = YES;
				GCC_WARN_ABOUT_RETURN_TYPE = YES_ERROR;
				GCC_WARN_UNDECLARED_SELECTOR = YES;
				GCC_WARN_UNINITIALIZED_AUTOS = YES_AGGRESSIVE;
				GCC_WARN_UNUSED_FUNCTION = YES;
				GCC_WARN_UNUSED_VARIABLE = YES;
				IPHONEOS_DEPLOYMENT_TARGET = 8.0;
				MTL_ENABLE_DEBUG_INFO = YES;
				ONLY_ACTIVE_ARCH = YES;
				SDKROOT = iphoneos;
				SWIFT_OPTIMIZATION_LEVEL = "-Onone";
			};
			name = Debug;
		};
		ADE9743D1A78F8500040B7C1 /* Release */ = {
			isa = XCBuildConfiguration;
			buildSettings = {
				ALWAYS_SEARCH_USER_PATHS = NO;
				CLANG_CXX_LANGUAGE_STANDARD = "gnu++0x";
				CLANG_CXX_LIBRARY = "libc++";
				CLANG_ENABLE_MODULES = YES;
				CLANG_ENABLE_OBJC_ARC = YES;
				CLANG_WARN_BOOL_CONVERSION = YES;
				CLANG_WARN_CONSTANT_CONVERSION = YES;
				CLANG_WARN_DIRECT_OBJC_ISA_USAGE = YES_ERROR;
				CLANG_WARN_EMPTY_BODY = YES;
				CLANG_WARN_ENUM_CONVERSION = YES;
				CLANG_WARN_INT_CONVERSION = YES;
				CLANG_WARN_OBJC_ROOT_CLASS = YES_ERROR;
				CLANG_WARN_UNREACHABLE_CODE = YES;
				CLANG_WARN__DUPLICATE_METHOD_MATCH = YES;
				"CODE_SIGN_IDENTITY[sdk=iphoneos*]" = "iPhone Developer";
				COPY_PHASE_STRIP = YES;
				ENABLE_NS_ASSERTIONS = NO;
				ENABLE_STRICT_OBJC_MSGSEND = YES;
				GCC_C_LANGUAGE_STANDARD = gnu99;
				GCC_WARN_64_TO_32_BIT_CONVERSION = YES;
				GCC_WARN_ABOUT_RETURN_TYPE = YES_ERROR;
				GCC_WARN_UNDECLARED_SELECTOR = YES;
				GCC_WARN_UNINITIALIZED_AUTOS = YES_AGGRESSIVE;
				GCC_WARN_UNUSED_FUNCTION = YES;
				GCC_WARN_UNUSED_VARIABLE = YES;
				IPHONEOS_DEPLOYMENT_TARGET = 8.0;
				MTL_ENABLE_DEBUG_INFO = NO;
				SDKROOT = iphoneos;
				VALIDATE_PRODUCT = YES;
			};
			name = Release;
		};
		ADE9743F1A78F8500040B7C1 /* Debug */ = {
			isa = XCBuildConfiguration;
			buildSettings = {
				ASSETCATALOG_COMPILER_APPICON_NAME = AppIcon;
				CLANG_ENABLE_MODULES = YES;
				DEFINES_MODULE = YES;
				INFOPLIST_FILE = Example/Info.plist;
				LD_RUNPATH_SEARCH_PATHS = "$(inherited) @executable_path/Frameworks";
				PRODUCT_BUNDLE_IDENTIFIER = "com.yalantis.persei.$(PRODUCT_NAME:rfc1034identifier)";
				PRODUCT_NAME = "$(TARGET_NAME)";
				SWIFT_OBJC_BRIDGING_HEADER = "Example/Example-Bridging-Header.h";
				SWIFT_OPTIMIZATION_LEVEL = "-Onone";
				SWIFT_VERSION = 3.0;
			};
			name = Debug;
		};
		ADE974401A78F8500040B7C1 /* Release */ = {
			isa = XCBuildConfiguration;
			buildSettings = {
				ASSETCATALOG_COMPILER_APPICON_NAME = AppIcon;
				CLANG_ENABLE_MODULES = YES;
				DEFINES_MODULE = YES;
				INFOPLIST_FILE = Example/Info.plist;
				LD_RUNPATH_SEARCH_PATHS = "$(inherited) @executable_path/Frameworks";
				PRODUCT_BUNDLE_IDENTIFIER = "com.yalantis.persei.$(PRODUCT_NAME:rfc1034identifier)";
				PRODUCT_NAME = "$(TARGET_NAME)";
				SWIFT_OBJC_BRIDGING_HEADER = "Example/Example-Bridging-Header.h";
				SWIFT_VERSION = 3.0;
			};
			name = Release;
		};
/* End XCBuildConfiguration section */

/* Begin XCConfigurationList section */
		ADE9741A1A78F8500040B7C1 /* Build configuration list for PBXProject "Example" */ = {
			isa = XCConfigurationList;
			buildConfigurations = (
				ADE9743C1A78F8500040B7C1 /* Debug */,
				ADE9743D1A78F8500040B7C1 /* Release */,
			);
			defaultConfigurationIsVisible = 0;
			defaultConfigurationName = Release;
		};
		ADE9743E1A78F8500040B7C1 /* Build configuration list for PBXNativeTarget "Example" */ = {
			isa = XCConfigurationList;
			buildConfigurations = (
				ADE9743F1A78F8500040B7C1 /* Debug */,
				ADE974401A78F8500040B7C1 /* Release */,
			);
			defaultConfigurationIsVisible = 0;
			defaultConfigurationName = Release;
		};
/* End XCConfigurationList section */
	};
	rootObject = ADE974171A78F8500040B7C1 /* Project object */;
}
